PackratFormat: 1.4
PackratVersion: 0.4.9.2
RVersion: 3.4.4
Repos: BioCsoft=https://bioconductor.org/packages/3.6/bioc,
    BioCann=https://bioconductor.org/packages/3.6/data/annotation,
    BioCexp=https://bioconductor.org/packages/3.6/data/experiment,
    CRAN=https://cran.rstudio.com

Package: AnnotationDbi
Source: Bioconductor
Version: 1.40.0
Hash: 185bc9c8ccbed94957b7f4a622195278
Requires: BiocGenerics, DBI, Biobase, S4Vectors, IRanges, RSQLite

Package: AnnotationForge
Source: Bioconductor
Version: 1.20.0
Hash: 7347e14cd1d7fb370edc9571c08cf5b4
Requires: AnnotationDbi, Biobase, BiocGenerics, DBI, RCurl, RSQLite,
    S4Vectors, XML

Package: AnnotationHub
Source: Bioconductor
Version: 2.10.1
Hash: e480a8e6c0aaac689127acf986ef00fb
Requires: AnnotationDbi, BiocGenerics, BiocInstaller, RSQLite,
    S4Vectors, curl, httr, interactiveDisplayBase, yaml

Package: BH
Source: CRAN
Version: 1.65.0-1
Hash: 95f62be4d6916aae14a310a8b56a6475

Package: BRAIN
Source: Bioconductor
Version: 1.24.0
Hash: 45b501a29ad8669b422ecf9e8040fd51
Requires: Biostrings, PolynomF, lattice

Package: BSgenome
Source: Bioconductor
Version: 1.46.0
Hash: aba1a5b0bd2f7e6b429acb256e0c69f4
Requires: BiocGenerics, Biostrings, GenomeInfoDb, GenomicRanges,
    IRanges, Rsamtools, S4Vectors, XVector, rtracklayer

Package: BSgenome.Hsapiens.UCSC.hg19
Source: Bioconductor
Version: 1.4.0
Hash: f68a2a54ae9d9e46da51d7aed5d5e584
Requires: BSgenome

Package: BiasedUrn
Source: CRAN
Version: 1.07
Hash: eb6c93fe7359e661dee83e28020d75cf

Package: Biobase
Source: Bioconductor
Version: 2.38.0
Hash: 0244109184b2af652cc74c424943a85b
Requires: BiocGenerics

Package: BiocGenerics
Source: Bioconductor
Version: 0.24.0
Hash: b0e8545b3d329a929c98672b0957fbde

Package: BiocInstaller
Source: Bioconductor
Version: 1.28.0
Hash: d0ba96fdc386731c75313f5bb5ba3d68

Package: BiocParallel
Source: Bioconductor
Version: 1.12.0
Hash: 5d796cfe9c2da7d6445bcbf8437b39ae
Requires: BH, snow, futile.logger

Package: Biostrings
Source: Bioconductor
Version: 2.46.0
Hash: bc51a8d9c0ef8c55ba62ba80e2f9db77
Requires: BiocGenerics, S4Vectors, IRanges, XVector

Package: Category
Source: Bioconductor
Version: 2.44.0
Hash: 0681429f1959333377cacc7214563182
Requires: AnnotationDbi, Biobase, BiocGenerics, DBI, GSEABase, Matrix,
    RBGL, annotate, genefilter, graph

Package: DBI
Source: CRAN
Version: 0.7
Hash: 1ab72df487f06ad5f0de05446cdd4bd6

Package: DESeq
Source: Bioconductor
Version: 1.30.0
Hash: 66ba3146e0d2a6b592f6f081da3fe20c
Requires: Biobase, BiocGenerics, MASS, RColorBrewer, genefilter,
    geneplotter, lattice, locfit

Package: DESeq2
Source: Bioconductor
Version: 1.18.1
Hash: 64fc3d3d0fb1d934eace9981d9d9db95
Requires: Biobase, BiocGenerics, BiocParallel, GenomicRanges, Hmisc,
    IRanges, Rcpp, RcppArmadillo, S4Vectors, SummarizedExperiment,
    genefilter, geneplotter, ggplot2, locfit

Package: DEoptimR
Source: CRAN
Version: 1.0-8
Hash: adc74e88e85eabe6c7d73db6a86fe6cf

Package: DO.db
Source: Bioconductor
Version: 2.9
Hash: f0aabcfd2d0c83dbce04334f48335f17
Requires: AnnotationDbi

Package: DOSE
Source: Bioconductor
Version: 3.4.0
Hash: 97a195fcc3c26d1e4e014c3b151d3b38
Requires: AnnotationDbi, BiocParallel, DO.db, GOSemSim, S4Vectors,
    fgsea, ggplot2, igraph, qvalue, reshape2, rvcheck, scales

Package: DelayedArray
Source: Bioconductor
Version: 0.4.1
Hash: 02e56f0f77cb1a1b5724d64a2ebfc7ab
Requires: BiocGenerics, matrixStats, S4Vectors, IRanges

Package: EDASeq
Source: Bioconductor
Version: 2.12.0
Hash: dd1f1985e7f864cc6b4ecf0e5f2cd06c
Requires: AnnotationDbi, Biobase, BiocGenerics, Biostrings, DESeq,
    GenomicFeatures, GenomicRanges, IRanges, Rsamtools, ShortRead,
    aroma.light, biomaRt

Package: FDb.InfiniumMethylation.hg19
Source: Bioconductor
Version: 2.2.0
Hash: da971e8cb9c0b4ae48fe652f988c57e7
Requires: AnnotationDbi, Biostrings, GenomicFeatures

Package: Formula
Source: CRAN
Version: 1.2-2
Hash: 31c4658e6ae879eee45fcf7b6d109464

Package: GEOquery
Source: Bioconductor
Version: 2.46.13
Hash: b1dc328ceb78c84be352a89f67c7d30f
Requires: Biobase, dplyr, httr, limma, magrittr, readr, tidyr, xml2

Package: GO.db
Source: Bioconductor
Version: 3.5.0
Hash: a7a4c0448689f88fab4aecdd1f0f4577
Requires: AnnotationDbi

Package: GOSemSim
Source: Bioconductor
Version: 2.4.0
Hash: 799d52f8f37c3c6fde3a6a7be4e1224d
Requires: AnnotationDbi, GO.db, Rcpp

Package: GOstats
Source: Bioconductor
Version: 2.44.0
Hash: f7d395411d51c434779ad431c02ecff7
Requires: AnnotationDbi, AnnotationForge, Biobase, Category, GO.db,
    RBGL, Rgraphviz, annotate, graph

Package: GSEABase
Source: Bioconductor
Version: 1.40.1
Hash: 45609e6671efafc85479114b0f1eeaf1
Requires: AnnotationDbi, Biobase, BiocGenerics, XML, annotate, graph

Package: GenomeInfoDb
Source: Bioconductor
Version: 1.14.0
Hash: b5a84073ca10237f46cbed202b89a5a0
Requires: BiocGenerics, GenomeInfoDbData, S4Vectors, RCurl, IRanges

Package: GenomeInfoDbData
Source: Bioconductor
Version: 1.0.0
Hash: d0ec739d779d804a5ad3ddb268d0c5c6

Package: GenomicAlignments
Source: Bioconductor
Version: 1.14.1
Hash: 3af0cf73f77b307c64ddf451c3f04c6c
Requires: BiocGenerics, S4Vectors, IRanges, GenomeInfoDb, BiocParallel,
    Biostrings, GenomicRanges, Rsamtools, SummarizedExperiment

Package: GenomicFeatures
Source: Bioconductor
Version: 1.30.0
Hash: 73e17da218076c45173c61003de4b617
Requires: BiocGenerics, DBI, Biobase, S4Vectors, RMySQL, RCurl,
    IRanges, GenomeInfoDb, XVector, RSQLite, Biostrings, GenomicRanges,
    AnnotationDbi, biomaRt, rtracklayer

Package: GenomicRanges
Source: Bioconductor
Version: 1.30.1
Hash: 9d690cab5e2d349f24a50de4841b3fd0
Requires: BiocGenerics, S4Vectors, IRanges, GenomeInfoDb, XVector

Package: Heatplus
Source: Bioconductor
Version: 2.24.0
Hash: b1f1756a800d0b3c6614c34d436ad481
Requires: RColorBrewer

Package: Hmisc
Source: CRAN
Version: 4.0-3
Hash: 7e93c14752acdc238561bbdf56ad9ac2
Requires: Formula, acepack, base64enc, cluster, data.table, foreign,
    ggplot2, gridExtra, gtable, htmlTable, htmltools, lattice,
    latticeExtra, nnet, rpart, survival, viridis

Package: Homo.sapiens
Source: CRAN
Version: 1.3.1
Requires: AnnotationDbi, GO.db, org.Hs.eg.db, GenomicFeatures,
    OrganismDbi, TxDb.Hsapiens.UCSC.hg19.knownGene

Package: IRanges
Source: Bioconductor
Version: 2.12.0
Hash: 20a52cdea49f9eb06ac17ebb163bc188
Requires: BiocGenerics, S4Vectors

Package: KEGGREST
Source: Bioconductor
Version: 1.18.0
Hash: 27551e0725fbd97a3e65149a7994a497
Requires: Biostrings, httr, png

Package: KEGGgraph
Source: Bioconductor
Version: 1.38.0
Hash: 3f5c33f813c2df39bb120c1be467e86c
Requires: XML, graph

Package: KernSmooth
Source: CRAN
Version: 2.23-15
Hash: aa5fd163456721a62d34a98fddc510bf

Package: MASS
Source: CRAN
Version: 7.3-49
Hash: 01a2feb0d02f446a8337f5fa310fb498

Package: Matrix
Source: CRAN
Version: 1.2-12
Hash: c134ceb3a533b93c266a93fd7e1b652c
Requires: lattice

Package: OrganismDbi
Source: Bioconductor
Version: 1.20.0
Hash: 7833afea450a32d005a478732e565ee8
Requires: BiocGenerics, BiocInstaller, DBI, Biobase, S4Vectors, graph,
    IRanges, RBGL, GenomicRanges, AnnotationDbi, GenomicFeatures

Package: PolynomF
Source: CRAN
Version: 1.0-1
Hash: 7bf64059daabb087a8a3648d8c059f4d

Package: R.methodsS3
Source: CRAN
Version: 1.7.1
Hash: 99f841ba1614c005e6672c5fb01b352a

Package: R.oo
Source: CRAN
Version: 1.22.0
Hash: c37ded09136c4ae98b9c73cf42dee3c8
Requires: R.methodsS3

Package: R.utils
Source: CRAN
Version: 2.6.0
Hash: 7d46f5c3a914a82db092e1404d6ae624
Requires: R.methodsS3, R.oo

Package: R6
Source: CRAN
Version: 2.2.2
Hash: b2366cd9d2f3851a5704b4e192b985c2

Package: RBGL
Source: Bioconductor
Version: 1.54.0
Hash: 647270d8cd89aea5674cd52018bedac5
Requires: graph

Package: RColorBrewer
Source: CRAN
Version: 1.1-2
Hash: c0d56cd15034f395874c870141870c25

Package: RCurl
Source: CRAN
Version: 1.95-4.8
Hash: 79c7d5a8684e44e0e3426d3093aa7d90
Requires: bitops

Package: RMySQL
Source: CRAN
Version: 0.10.13
Hash: 9cb5f1692b33d3c6b981e5e1e95abee6
Requires: DBI

Package: RSQLite
Source: CRAN
Version: 2.0
Hash: 58177d547a83cd5a9c05bd9a695993fa
Requires: BH, DBI, Rcpp, pkgconfig, plogr, bit64, memoise, blob

Package: RUVSeq
Source: Bioconductor
Version: 1.12.0
Hash: 71955b06eb9f79ea1e65d2bb499a4dc4
Requires: Biobase, EDASeq, MASS, edgeR

Package: Rcpp
Source: CRAN
Version: 0.12.14
Hash: f9a2a481350397e53b0768bf488329cd

Package: RcppArmadillo
Source: CRAN
Version: 0.8.400.0.0
Hash: aa9eb3dcc0712eea3530a4239f8a6424
Requires: Rcpp

Package: RcppEigen
Source: CRAN
Version: 0.3.3.3.1
Hash: 583bdf1dc4a9dc51c13c446246bd0a89
Requires: Matrix, Rcpp

Package: Rgraphviz
Source: Bioconductor
Version: 2.22.0
Hash: df2a93d0406abb6d753415d07687b860
Requires: graph

Package: Rsamtools
Source: Bioconductor
Version: 1.30.0
Hash: d499d1832e35c71a02d8cb5e27cb97e9
Requires: BiocGenerics, bitops, zlibbioc, S4Vectors, IRanges,
    GenomeInfoDb, XVector, BiocParallel, Biostrings, GenomicRanges

Package: Rtsne
Source: CRAN
Version: 0.13
Hash: 538d354abf2ad1ef7ac00111adb96e5a
Requires: Rcpp

Package: S4Vectors
Source: Bioconductor
Version: 0.16.0
Hash: 5b1afbd539d11cd088f381808566d3ee
Requires: BiocGenerics

Package: SQUAREM
Source: CRAN
Version: 2017.10-1
Hash: 468c9c5e9c9852863fd94313b880964d

Package: ShortRead
Source: Bioconductor
Version: 1.36.0
Hash: ea872754e9cd073c124b2e9854a9e091
Requires: Biobase, BiocGenerics, BiocParallel, Biostrings,
    GenomeInfoDb, GenomicAlignments, GenomicRanges, IRanges, Rsamtools,
    S4Vectors, XVector, hwriter, lattice, latticeExtra, zlibbioc

Package: SparseM
Source: CRAN
Version: 1.77
Hash: 08f1f60e1038957030bcd9f4a58d22d8

Package: SummarizedExperiment
Source: Bioconductor
Version: 1.8.1
Hash: 010f1aba8807ed930aad7cc11b6c4db9
Requires: BiocGenerics, Biobase, S4Vectors, Matrix, IRanges,
    DelayedArray, GenomeInfoDb, GenomicRanges

Package: SuppDists
Source: CRAN
Version: 1.1-9.4
Hash: b7f6b9d24f9131ae5d180ea695828e8a

Package: TTR
Source: CRAN
Version: 0.23-2
Hash: ef8e41497ea481d289c92acc34750812
Requires: curl, xts, zoo

Package: TxDb.Hsapiens.UCSC.hg19.knownGene
Source: CRAN
Version: 3.2.2
Requires: AnnotationDbi, GenomicFeatures

Package: VariantAnnotation
Source: Bioconductor
Version: 1.24.2
Hash: baae107986a053b0bdd4ce514aa712bd
Requires: AnnotationDbi, BSgenome, Biobase, BiocGenerics, Biostrings,
    DBI, GenomeInfoDb, GenomicFeatures, GenomicRanges, IRanges,
    Rsamtools, S4Vectors, SummarizedExperiment, XVector, rtracklayer,
    zlibbioc

Package: Vennerable
Source: github
Version: 3.1.0.9000
Hash: f0ae436b74d9ca7af813f1230744824a
Requires: RBGL, RColorBrewer, graph, gtools, lattice, reshape2
GithubRepo: Vennerable
GithubUsername: js229
GithubRef: master
GithubSha1: 46057c99ede68bfa8b937a6d0a990291e729e1c8

Package: WikidataR
Source: CRAN
Version: 1.4.0
Hash: bf516e25e6705a3ee8549fa80969fcb8
Requires: WikipediR, httr, jsonlite

Package: WikipediR
Source: CRAN
Version: 1.5.0
Hash: 88e744a15bb778bdb9988bf4a91509b2
Requires: httr, jsonlite

Package: XLConnect
Source: CRAN
Version: 0.2-13
Hash: d361162e10a42284a75fa68f88beac97
Requires: XLConnectJars, rJava

Package: XLConnectJars
Source: CRAN
Version: 0.2-13
Hash: d8dc0a7e5af6bae873b21dc61ff3b4ca
Requires: rJava

Package: XML
Source: CRAN
Version: 3.98-1.9
Hash: 02079c4025bbfa0f63400cc0bb414952

Package: XVector
Source: Bioconductor
Version: 0.18.0
Hash: e19ff73907143d1f2cfea21291efaa52
Requires: BiocGenerics, zlibbioc, S4Vectors, IRanges

Package: acepack
Source: CRAN
Version: 1.4.1
Hash: 5ed3b04bc1fa1a934188fc6022d3ba7c

Package: ade4
Source: CRAN
Version: 1.7-11
Hash: 4ccf1e186afa35ead4b1ccf3af589b39
Requires: MASS

Package: affy
Source: Bioconductor
Version: 1.56.0
Hash: 9cf03eba689120198cd0bbaa5fdcb949
Requires: Biobase, BiocGenerics, BiocInstaller, affyio, preprocessCore,
    zlibbioc

Package: affyio
Source: Bioconductor
Version: 1.48.0
Hash: 766b0bf0f8f54b4c71a747d5d16f86f3
Requires: zlibbioc

Package: annotate
Source: Bioconductor
Version: 1.56.1
Hash: 7a197d84b321b79a7c221354a5695528
Requires: AnnotationDbi, Biobase, BiocGenerics, DBI, RCurl, XML, xtable

Package: ape
Source: CRAN
Version: 5.0
Hash: 644e9a71c3c4c1a40843cec2f63362d7
Requires: Rcpp, lattice, nlme

Package: aroma.light
Source: Bioconductor
Version: 3.8.0
Hash: 6d37dcc4c44275bcf8af5f766b5aa111
Requires: R.methodsS3, R.oo, R.utils, matrixStats

Package: assertthat
Source: CRAN
Version: 0.2.0
Hash: e8805df54c65ac96d50235c44a82615c

Package: backports
Source: CRAN
Version: 1.1.2
Hash: 5ae7b3466e529e4400951ca18c137e40

Package: base64
Source: CRAN
Version: 2.0
Hash: 9738470a6872ea046c6aea5154b33362
Requires: openssl

Package: base64enc
Source: CRAN
Version: 0.1-3
Hash: c590d29e555926af053055e23ee79efb

Package: beanplot
Source: CRAN
Version: 1.2
Hash: 6397f4dafa178cffdb2196af0be88ade

Package: biomaRt
Source: Bioconductor
Version: 2.34.1
Hash: 07362b826b6cb99e47f1bfe22d583385
Requires: XML, RCurl, httr, stringr, progress, AnnotationDbi

Package: bit
Source: CRAN
Version: 1.1-12
Hash: a4cdb11cf9fd6dd38f9f40c413b81e93

Package: bit64
Source: CRAN
Version: 0.9-7
Hash: 4b195615d19ba49c114eb04e09e30a96
Requires: bit

Package: bitops
Source: CRAN
Version: 1.0-6
Hash: 67d0775189fd0041d95abca618c5c07e

Package: blob
Source: CRAN
Version: 1.1.0
Hash: e29764e47f2faf0cd5b74cbcddc3fa9c
Requires: tibble

Package: bold
Source: CRAN
Version: 0.5.0
Hash: d37656fb0a0e172cad45fda780c38bc6
Requires: crul, data.table, jsonlite, plyr, reshape, stringr, tibble,
    xml2

Package: bootstrap
Source: CRAN
Version: 2017.2
Hash: 45de91ec55ad624d5ad5840e830edb0d

Package: brew
Source: CRAN
Version: 1.0-6
Hash: 931f9972deae0f205e1c78a51f33149b

Package: bumphunter
Source: Bioconductor
Version: 1.20.0
Hash: 302fbdf5dce4c85054bfd7258e6a2cd5
Requires: AnnotationDbi, BiocGenerics, GenomeInfoDb, GenomicFeatures,
    GenomicRanges, IRanges, S4Vectors, doRNG, foreach, iterators,
    limma, locfit, matrixStats

Package: caTools
Source: CRAN
Version: 1.17.1
Hash: 97cb6f6293cd18d17df77a6383cc6763
Requires: bitops

Package: cellranger
Source: CRAN
Version: 1.1.0
Hash: 4e1ef4d099b0c5fd531a3938cf4624bd
Requires: rematch, tibble

Package: checkmate
Source: CRAN
Version: 1.8.5
Hash: e1bbc5228ab3da931a099208bc95ad23
Requires: backports

Package: chron
Source: CRAN
Version: 2.3-52
Hash: 0f3cd4fb78996b96a67e18955e8bc371

Package: class
Source: CRAN
Version: 7.3-14
Hash: 98330808284e70f0bce1f8ff419d4032
Requires: MASS

Package: cleaver
Source: Bioconductor
Version: 1.16.0
Hash: cf7ef6a927e5572239a79c6356b893d8
Requires: Biostrings, IRanges, S4Vectors

Package: cli
Source: CRAN
Version: 1.0.0
Hash: f4239f89feb7ddc65821e4514e9734ae
Requires: assertthat, crayon

Package: cluster
Source: CRAN
Version: 2.0.7-1
Hash: ef254b1adf031cf24cafa0c055fdee6c

Package: clusterProfiler
Source: Bioconductor
Version: 3.6.0
Hash: 826727fbfa41ddd2d8a18438b6ade16e
Requires: AnnotationDbi, DOSE, GO.db, GOSemSim, ggplot2, magrittr,
    plyr, qvalue, rvcheck, tidyr

Package: codetools
Source: CRAN
Version: 0.2-15
Hash: a4268e48f71dc70ac2203aced7cdd8ea

Package: colorRamps
Source: CRAN
Version: 2.3
Hash: d96002cc5a5865a552486c392e39f5ed

Package: colorspace
Source: CRAN
Version: 1.3-2
Hash: 0bf8618b585fa98eb23414cd3ab95118

Package: commonmark
Source: CRAN
Version: 1.4
Hash: 91d7807331a4a37ef8376fb073960ee4

Package: corpcor
Source: CRAN
Version: 1.6.9
Hash: f641167f85158bfc7cd4b97ac1c26701

Package: corrplot
Source: CRAN
Version: 0.84
Hash: 0eba3aea7183e45bdec590a11376801e

Package: crayon
Source: CRAN
Version: 1.3.4
Hash: ff2840dd9b0d563fc80377a5a45510cd

Package: crul
Source: CRAN
Version: 0.4.0
Hash: b9d98e245a06afde50c8d67367561ddb
Requires: R6, curl, httpcode, mime, urltools

Package: curl
Source: CRAN
Version: 3.1
Hash: 877149b42d479b93ab15d5cef46c0f1b

Package: data.table
Source: CRAN
Version: 1.10.4-3
Hash: 3c270a59ca3298aba8df3c1ae3bbea19

Package: desc
Source: CRAN
Version: 1.1.1
Hash: 2f99e95211c4ba6efcf5538d096587fc
Requires: R6, assertthat, crayon, rprojroot

Package: devEMF
Source: CRAN
Version: 3.6
Hash: eb1327aef332ebb9a4135fc8c2326863

Package: devtools
Source: CRAN
Version: 1.13.4
Hash: 80a77b22f641002c7ce0343baeaee300
Requires: digest, git2r, httr, jsonlite, memoise, rstudioapi, whisker,
    withr

Package: dichromat
Source: CRAN
Version: 2.0-0
Hash: 08eed0c80510af29bb15f840ccfe37ce

Package: digest
Source: CRAN
Version: 0.6.13
Hash: cfce0bc7ed5ba0cdc47182698fae1d24

Package: directlabels
Source: CRAN
Version: 2017.03.31
Hash: 409f974f6c0fc256c6a191008117c463
Requires: quadprog

Package: doParallel
Source: CRAN
Version: 1.0.11
Hash: cb602c6ef64eced7c8f32b206d4d74b4
Requires: foreach, iterators

Package: doRNG
Source: CRAN
Version: 1.6.6
Hash: 71cf7ab7f1df275bd8e1874db9fbac08
Requires: foreach, iterators, pkgmaker, rngtools

Package: doSNOW
Source: CRAN
Version: 1.0.16
Requires: iterators, snow, foreach

Package: dplyr
Source: CRAN
Version: 0.7.4
Hash: ff239aa29dcefa45a7ca3b2ec3e3f7c1
Requires: BH, R6, Rcpp, assertthat, glue, magrittr, pkgconfig, plogr,
    rlang, tibble

Package: ecodist
Source: CRAN
Version: 2.0.1
Hash: e4d6ae75d6e5c7f913bcbea8d7ef4053

Package: edgeR
Source: Bioconductor
Version: 3.20.2
Hash: 0bc40ec2df6a06a3ef221bd61b8f44a6
Requires: Rcpp, limma, locfit

Package: evaluate
Source: CRAN
Version: 0.10.1
Hash: 54d95f4ec6d0300100413ed0127d89ae
Requires: stringr

Package: fastmatch
Source: CRAN
Version: 1.1-0
Hash: 932691e01f5e2d6de914fd4b847f37c8

Package: ffpe
Source: Bioconductor
Version: 1.22.0
Hash: 30752fc683d540ef2651477e4d926670
Requires: Biobase, BiocGenerics, TTR, affy, lumi, methylumi, sfsmisc

Package: fgsea
Source: Bioconductor
Version: 1.4.0
Hash: 3d62414d7be92063da88c0ef038e373a
Requires: BiocParallel, Rcpp, data.table, fastmatch, ggplot2, gridExtra

Package: fission
Source: CRAN
Version: 0.112.0
Requires: SummarizedExperiment

Package: fit.models
Source: CRAN
Version: 0.5-14
Hash: 7284fc042aa10b6409d462e9dee42ee2
Requires: lattice

Package: foreach
Source: CRAN
Version: 1.4.4
Hash: 4df5ab2c8c35382dacab75d414da6748
Requires: codetools, iterators

Package: foreign
Source: CRAN
Version: 0.8-70
Hash: efc6c29bf303d087f6cd9391cbcc2906

Package: formatR
Source: CRAN
Version: 1.5
Hash: 258cf79a8dbeedf1c981cdb53837d2af

Package: futile.logger
Source: CRAN
Version: 1.4.3
Hash: d1cc6584b39f2c4cfbe377fd94cbdbaa
Requires: futile.options, lambda.r

Package: futile.options
Source: CRAN
Version: 1.0.0
Hash: 4f24cbf581681c263186b9425f05ba3e

Package: gProfileR
Source: CRAN
Version: 0.6.2
Hash: 074fb11198dac8091af2d01d2485199d
Requires: RCurl, plyr

Package: gdata
Source: CRAN
Version: 2.18.0
Hash: 62797fafa287d1845a014c615d46e50c
Requires: gtools

Package: genbankr
Source: Bioconductor
Version: 1.6.0
Hash: a56e1bf54a0d96c062e63e77e5b6b0e8
Requires: Biobase, BiocGenerics, Biostrings, GenomeInfoDb,
    GenomicFeatures, GenomicRanges, IRanges, S4Vectors,
    VariantAnnotation, rtracklayer

Package: geneLenDataBase
Source: Bioconductor
Version: 1.14.0
Hash: 23ac932bc870f9538b096465407db3c2
Requires: GenomicFeatures, rtracklayer

Package: genefilter
Source: Bioconductor
Version: 1.60.0
Hash: 7363a86a50a713c146c79c3045b15228
Requires: AnnotationDbi, Biobase, S4Vectors, annotate, survival

Package: geneplotter
Source: Bioconductor
Version: 1.56.0
Hash: b259e76f477da46c0c2191dbe4ef4dc3
Requires: AnnotationDbi, Biobase, BiocGenerics, RColorBrewer, annotate,
    lattice

Package: genoPlotR
Source: CRAN
Version: 0.8.7
Hash: 924ae9f9fe24604cd55824156a06cfef
Requires: ade4

Package: ggdendro
Source: CRAN
Version: 0.1-20
Hash: 8061f8924d4f93d8606cb42433b77e62
Requires: MASS, ggplot2

Package: ggplot2
Source: CRAN
Version: 2.2.1
Hash: 46e5cb78836848aa44655e577433f54b
Requires: MASS, digest, gtable, lazyeval, plyr, reshape2, scales,
    tibble

Package: ggrepel
Source: CRAN
Version: 0.7.0
Hash: 11684d110be5aff145c3e85839290406
Requires: Rcpp, ggplot2, scales

Package: git2r
Source: CRAN
Version: 0.21.0
Hash: 64747922e287be74e8e8b46c107fd3ef

Package: glue
Source: CRAN
Version: 1.2.0
Hash: 381e42baedecc633c0e547a0c7ca9de7

Package: googleVis
Source: CRAN
Version: 0.6.2
Hash: 69d98815d46d7a69429a27cf70626967
Requires: jsonlite

Package: goseq
Source: Bioconductor
Version: 1.30.0
Hash: d168343e37d6f3164d19521ce7afed3a
Requires: AnnotationDbi, BiasedUrn, BiocGenerics, GO.db,
    geneLenDataBase, mgcv

Package: gplots
Source: CRAN
Version: 3.0.1
Hash: b7abe122479c203aa236499b7fc4b816
Requires: KernSmooth, caTools, gdata, gtools

Package: graph
Source: Bioconductor
Version: 1.56.0
Hash: 68a5f90fa79c61c6c608fdd44e50215b
Requires: BiocGenerics

Package: gridExtra
Source: CRAN
Version: 2.3
Hash: fa977bc1aab5588a08123b10ceb1ad3d
Requires: gtable

Package: gsubfn
Source: CRAN
Version: 0.6-6
Hash: cc1999b8ee76bbf10c968ac973290421
Requires: proto

Package: gtable
Source: CRAN
Version: 0.2.0
Hash: cd78381a9d3fea966ac39bd0daaf5554

Package: gtools
Source: CRAN
Version: 3.5.0
Hash: 471b2e2452dfb30fdc1dd6f1b567925a

Package: highr
Source: CRAN
Version: 0.6
Hash: aa3d5b7912b5fed4b546ed5cd2a1760b

Package: hms
Source: CRAN
Version: 0.4.0
Hash: 05d6cc09cc4ea93b9459734ff885e5f9
Requires: pkgconfig, rlang

Package: htmlTable
Source: CRAN
Version: 1.11.0
Hash: eeae0d6d700ad24b177ed4fdf2d36d33
Requires: checkmate, dplyr, htmltools, htmlwidgets, knitr, magrittr,
    rstudioapi, stringr, tidyr

Package: htmltools
Source: CRAN
Version: 0.3.6
Hash: 10db2fe4e1ac6057e5555db165a0d870
Requires: Rcpp, digest

Package: htmlwidgets
Source: CRAN
Version: 0.9
Hash: 7514f6ea9f3bef6d9b6c945095275302
Requires: htmltools, jsonlite, yaml

Package: httpcode
Source: CRAN
Version: 0.2.0
Hash: 368cd36e433bc92585482ce49b7028ab

Package: httpuv
Source: CRAN
Version: 1.3.5
Hash: ecd2d1c0cac94fe968398551b57d7fb2
Requires: Rcpp

Package: httr
Source: CRAN
Version: 1.3.1
Hash: 2d32e01e53d532c812052e27a1021441
Requires: R6, curl, jsonlite, mime, openssl

Package: hwriter
Source: CRAN
Version: 1.3.2
Hash: 4c36a3e4a7471fdc3d5ee75b5188c37d

Package: igraph
Source: CRAN
Version: 1.1.2
Hash: 07d33f151f94269a4573d354104e81aa
Requires: Matrix, irlba, magrittr, pkgconfig

Package: illuminaio
Source: Bioconductor
Version: 0.20.0
Hash: b56120107c3dc3101103d832d4c075ae
Requires: base64

Package: inflection
Source: CRAN
Version: 1.3
Hash: e7620b22947e5f19ac9b76603c9a1dc0

Package: interactiveDisplayBase
Source: Bioconductor
Version: 1.16.0
Hash: 0e428798c11990c233e8d2ce1e7fc53e
Requires: BiocGenerics, shiny

Package: ipred
Source: CRAN
Version: 0.9-6
Hash: 2fd946bce1622291262c12515d27e780
Requires: MASS, class, nnet, prodlim, rpart, survival

Package: irlba
Source: CRAN
Version: 2.3.2
Hash: d74276ec87d16798fa5f0d7a323fb58b
Requires: Matrix

Package: iterators
Source: CRAN
Version: 1.0.9
Hash: c2dc1341675d2508c180221949e40e98

Package: jsonlite
Source: CRAN
Version: 1.5
Hash: 9c51936d8dd00b2f1d4fe9d10499694c

Package: knitr
Source: CRAN
Version: 1.17
Hash: f6b2bf543ee3e25f5b92bb46f9958c5f
Requires: digest, evaluate, highr, markdown, stringr, yaml

Package: labeling
Source: CRAN
Version: 0.3
Hash: ecf589b42cd284b03a4beb9665482d3e

Package: lambda.r
Source: CRAN
Version: 1.2
Hash: a17af00010c92198f159cebf1467e111

Package: lattice
Source: CRAN
Version: 0.20-35
Hash: 26b9d7f0d0cb4e1d1bbb97f867c82d89

Package: latticeExtra
Source: CRAN
Version: 0.6-28
Hash: efdf3a10a129129f7b8f4ae5a0d7ec3d
Requires: RColorBrewer, lattice

Package: lava
Source: CRAN
Version: 1.6
Hash: e89a913de52c121d31e0570c79165a68
Requires: SQUAREM, numDeriv, survival

Package: lazyeval
Source: CRAN
Version: 0.2.1
Hash: 88926ad9c43581fd0822a37c8ed09f05

Package: limma
Source: Bioconductor
Version: 3.34.9
Hash: d5aba88182a4edb49c26f63125879346

Package: lme4
Source: CRAN
Version: 1.1-15
Hash: a1a457ca93395c5525cfcc9d14ea7249
Requires: MASS, Matrix, Rcpp, RcppEigen, lattice, minqa, nlme, nloptr

Package: locfit
Source: CRAN
Version: 1.5-9.1
Hash: f8adf87b055dff233b7c3f5b4a174554
Requires: lattice

Package: lumi
Source: Bioconductor
Version: 2.30.0
Hash: 960ed117f4645cd86f9515f6d6f7b57e
Requires: AnnotationDbi, Biobase, DBI, GenomicFeatures, GenomicRanges,
    KernSmooth, MASS, RSQLite, affy, annotate, lattice, methylumi,
    mgcv, nleqslv, preprocessCore

Package: magrittr
Source: CRAN
Version: 1.5
Hash: bdc4d48c3135e8f3b399536ddf160df4

Package: markdown
Source: CRAN
Version: 0.8
Hash: 045d7c594d503b41f1c28946d076c8aa
Requires: mime

Package: matrixStats
Source: CRAN
Version: 0.52.2
Hash: 6488b8966b761e99eb2ccb3e6ab09ba7

Package: mclust
Source: CRAN
Version: 5.4
Hash: 1a9178a14010144db0d8d3dd40eca3f2

Package: memoise
Source: CRAN
Version: 1.1.0
Hash: 410fcd334bc626db100237cc1370f2e9
Requires: digest

Package: methylumi
Source: Bioconductor
Version: 2.24.1
Hash: 4de7e11b7947b0759e1343de33cb4d8b
Requires: AnnotationDbi, Biobase, BiocGenerics,
    FDb.InfiniumMethylation.hg19, GenomeInfoDb, GenomicRanges, IRanges,
    S4Vectors, SummarizedExperiment, annotate, genefilter, ggplot2,
    illuminaio, lattice, matrixStats, minfi, reshape2, scales

Package: mgcv
Source: CRAN
Version: 1.8-22
Hash: ce8966e5576ec881696013bc4acc7d97
Requires: Matrix, nlme

Package: mime
Source: CRAN
Version: 0.5
Hash: 463550cf44fb6f0a2359368f42eebe62

Package: minfi
Source: Bioconductor
Version: 1.24.0
Hash: b8da26b9c39b2dc5f494d0e98733d307
Requires: Biobase, BiocGenerics, Biostrings, GEOquery, GenomeInfoDb,
    GenomicRanges, IRanges, MASS, RColorBrewer, S4Vectors,
    SummarizedExperiment, beanplot, bumphunter, data.table, genefilter,
    illuminaio, lattice, limma, matrixStats, mclust, nlme, nor1mix,
    preprocessCore, quadprog, reshape, siggenes

Package: minqa
Source: CRAN
Version: 1.2.4
Hash: 860f36fcff3e5bc62ecc97dab1a21d5f
Requires: Rcpp

Package: motifRG
Source: Bioconductor
Version: 1.22.0
Hash: 87664c6ed72d72fec846db4a2c70ecf4
Requires: BSgenome, BSgenome.Hsapiens.UCSC.hg19, Biostrings, IRanges,
    XVector, seqLogo

Package: multtest
Source: Bioconductor
Version: 2.34.0
Hash: 89d1dd447bef5deb9e83ec56983972f2
Requires: Biobase, BiocGenerics, MASS, survival

Package: munsell
Source: CRAN
Version: 0.4.3
Hash: f96d896947fcaf9b6d0074002e9f4f9d
Requires: colorspace

Package: mvtnorm
Source: CRAN
Version: 1.0-7
Hash: 8ec337a3f6cfc7d634c648262d80075f

Package: mygene
Source: Bioconductor
Version: 1.14.0
Hash: 947b86f28423584f5bbe82df05d9ecb4
Requires: GenomicFeatures, Hmisc, S4Vectors, httr, jsonlite, plyr,
    sqldf

Package: natserv
Source: CRAN
Version: 0.1.4
Hash: 0b577d1a878f2e25cd02f3189e1b7bd7
Requires: crul, data.table, tibble, xml2

Package: nleqslv
Source: CRAN
Version: 3.3.1
Hash: e2519c3f68b22113d535edcbb576dd9e

Package: nlme
Source: CRAN
Version: 3.1-137
Hash: 6166071071587a867cbe534e84fc5c0c
Requires: lattice

Package: nloptr
Source: CRAN
Version: 1.0.4
Hash: 8053df240a4635aeb54fc68c6de67709

Package: nnet
Source: CRAN
Version: 7.3-12
Hash: 42c83a1f063b40fd8bb6ad68ed528aa5

Package: nor1mix
Source: CRAN
Version: 1.2-3
Hash: bb420490967f33aa7187b77c51067477

Package: numDeriv
Source: CRAN
Version: 2016.8-1
Hash: 3a9d0fc99ba2f6aaa500b3d584962be2

Package: openssl
Source: CRAN
Version: 0.9.9
Hash: 3858537ac10388a5db1687450908f257

Package: openxlsx
Source: CRAN
Version: 4.0.17
Hash: fcf8b90435390652c26d3cdfc0b91e50
Requires: Rcpp

Package: org.Hs.eg.db
Source: CRAN
Version: 3.5.0
Requires: AnnotationDbi

Package: pander
Source: CRAN
Version: 0.6.1
Hash: d5c52f3ffa7e672fb8966d79b238cc77
Requires: Rcpp, digest

Package: pasilla
Source: Bioconductor
Version: 1.6.0
Hash: 50d5bb111ec7cd4eabb7a2383be77db3

Package: pathview
Source: Bioconductor
Version: 1.18.0
Hash: bd1db1ff7a136911562bf3467d9d0054
Requires: AnnotationDbi, KEGGREST, KEGGgraph, Rgraphviz, XML, graph,
    png

Package: pbkrtest
Source: CRAN
Version: 0.4-7
Hash: f195c3a0f527f69c491569c5cbaaf1db
Requires: MASS, Matrix, lme4

Package: pcaMethods
Source: Bioconductor
Version: 1.70.0
Hash: 00446d0e75cd781ea52fb20598e9ac84
Requires: Biobase, BiocGenerics, MASS, Rcpp

Package: pcaPP
Source: CRAN
Version: 1.9-73
Hash: 1b0887187cbe45f9997e70502af52ac5
Requires: mvtnorm

Package: pillar
Source: CRAN
Version: 1.1.0
Hash: 576bf712d620ca2b6ca76ca7b6cb5547
Requires: cli, crayon, rlang, utf8

Package: pkgconfig
Source: CRAN
Version: 2.0.1
Hash: 0dda4a2654a22b36a715c2b0b6fbacac

Package: pkgmaker
Source: CRAN
Version: 0.22
Hash: 2e5fc2a6b7eaeb1e1d397a8dc5f54480
Requires: codetools, digest, registry, stringr, xtable

Package: plogr
Source: CRAN
Version: 0.1-1
Hash: fb19215402e2d9f1c7f803dcaa806fc2

Package: plyr
Source: CRAN
Version: 1.8.4
Hash: 39dd3286b865c7b725d74c9a4c1b7931
Requires: Rcpp

Package: png
Source: CRAN
Version: 0.1-7
Hash: 421d7d6e0fb4bd885ecbd909b6456b8b

Package: praise
Source: CRAN
Version: 1.0.0
Hash: 77da8f1df873a4b91e5c4a68fe2fb1b6

Package: preprocessCore
Source: Bioconductor
Version: 1.40.0
Hash: 3546e1e86a1f750802823c2f73540517

Package: prettyunits
Source: CRAN
Version: 1.0.2
Hash: 49286102a855640daaa38eafe8b1ec30
Requires: assertthat, magrittr

Package: prodlim
Source: CRAN
Version: 1.6.1
Hash: 85a64de359fd42aeccf4090713197232
Requires: KernSmooth, Rcpp, lava, survival

Package: progress
Source: CRAN
Version: 1.1.2
Hash: ceef88c244d792a874bdacf72b6a30da
Requires: R6, prettyunits

Package: proto
Source: CRAN
Version: 1.0.0
Hash: f9a2528572320c1e0bc8783dfd6e0fae

Package: purrr
Source: CRAN
Version: 0.2.4
Hash: a80b244ccd3fdb33a0ff2be3c50dd648
Requires: magrittr, rlang, tibble

Package: quadprog
Source: CRAN
Version: 1.5-5
Hash: 69000b7dc41b09977dcf781f909d235c

Package: qvalue
Source: Bioconductor
Version: 2.10.0
Hash: 0b32dff1b2521d2c653edecbab76aeee
Requires: ggplot2, reshape2

Package: rGADEM
Source: Bioconductor
Version: 2.26.0
Hash: 0bbc7b5bac16b1d703d3fd92a26258fd
Requires: BSgenome, Biostrings, IRanges, seqLogo

Package: rJava
Source: CRAN
Version: 0.9-9
Hash: ebf54080d6f36f3814cce27e5325d4e3

Package: reactome.db
Source: CRAN
Version: 1.62.0
Requires: AnnotationDbi

Package: readr
Source: CRAN
Version: 1.1.1
Hash: c02820ab337b91bee0238126caa714f9
Requires: BH, R6, Rcpp, hms, tibble

Package: readxl
Source: CRAN
Version: 1.0.0
Hash: 370b1eeb20980364513af445b0705cfe
Requires: Rcpp, cellranger, tibble

Package: registry
Source: CRAN
Version: 0.5
Hash: 1004d1d9c234b4b1eb320917a6e48045

Package: rematch
Source: CRAN
Version: 1.0.1
Hash: ad4faf59e7611117ff165817074c50c7

Package: rentrez
Source: CRAN
Version: 1.1.0
Hash: d1b87eed821ab1a78f811d2907b32b56
Requires: XML, httr, jsonlite

Package: reshape
Source: CRAN
Version: 0.8.7
Hash: f026a2928c05063a8d0b2e29a129f9a0
Requires: plyr

Package: reshape2
Source: CRAN
Version: 1.4.3
Hash: 8b30de99bcf5d40fa1e3be0809ecce8e
Requires: Rcpp, plyr, stringr

Package: rhdf5
Source: CRAN
Version: 2.22.0
Requires: zlibbioc

Package: ritis
Source: CRAN
Version: 0.7.0
Hash: ba72f202edf4bbf0c98ae34a442aa206
Requires: crul, data.table, jsonlite, solrium, tibble

Package: rjson
Source: CRAN
Version: 0.2.15
Hash: def074f38d0cff3b597649ee6f976128

Package: rlang
Source: github
Version: 0.2.0.9001
Hash: af638c26042b416bd40e89d9f55c661e
GithubRepo: rlang
GithubUsername: r-lib
GithubRef: master
GithubSha1: 49d7a342c397dfdbabb1364c8a017e9efe15b051
RemoteHost: https://api.github.com
RemoteRepo: rlang
RemoteUsername: r-lib
RemoteSha: 49d7a342c397dfdbabb1364c8a017e9efe15b051

Package: rmarkdown
Source: CRAN
Version: 1.8
Hash: 2a7842e3cee62a79dd737d17e9e9d86b
Requires: base64enc, evaluate, htmltools, jsonlite, knitr, mime,
    rprojroot, stringr, yaml

Package: rmeta
Source: CRAN
Version: 3.0
Hash: e644aa0879a25406c05c74a7de169b3b

Package: rncl
Source: CRAN
Version: 0.8.2
Hash: 02af422a7d050e0b1cd9018fec020a0e
Requires: Rcpp, progress

Package: rngtools
Source: CRAN
Version: 1.2.4
Hash: 4db0661fe95ab6eb3d6339495bf22003
Requires: digest, pkgmaker, stringr

Package: robust
Source: CRAN
Version: 0.4-18
Hash: 724d0fdaae04da15c84c4714b79f30dd
Requires: MASS, fit.models, lattice, robustbase, rrcov

Package: robustbase
Source: CRAN
Version: 0.92-8
Hash: 47f671cf700fbaa2015bb61701e6f7f4
Requires: DEoptimR

Package: rotl
Source: CRAN
Version: 3.0.3
Hash: 3f2afd9d5d913525cf74b9d14d848efc
Requires: ape, assertthat, httr, jsonlite, rentrez, rncl

Package: roxygen2
Source: CRAN
Version: 6.0.1
Hash: 26a452f83365342638a9ee5a860ca8d6
Requires: R6, Rcpp, brew, commonmark, desc, digest, stringi, stringr,
    xml2

Package: rpart
Source: CRAN
Version: 4.1-13
Hash: 1d1f155d009e010e7d6634a90a87cead

Package: rprojroot
Source: CRAN
Version: 1.3-2
Hash: a25c3f70c166fb3fbabc410eb32b6366
Requires: backports

Package: rrcov
Source: CRAN
Version: 1.4-3
Hash: c4804bb98b9c39daa098f23e417f92fb
Requires: cluster, lattice, mvtnorm, pcaPP, robustbase

Package: rredlist
Source: CRAN
Version: 0.4.0
Hash: 803a5a8a75224b503061ae3c22ffda3f
Requires: crul, jsonlite

Package: rstudioapi
Source: CRAN
Version: 0.7
Hash: e2ebaff8160aff3e6b32e6e78a693c2d

Package: rtracklayer
Source: Bioconductor
Version: 1.38.2
Hash: d3676ded24a50b307bb81fcbe80fe476
Requires: BiocGenerics, XML, zlibbioc, S4Vectors, RCurl, IRanges,
    GenomeInfoDb, XVector, Biostrings, GenomicRanges, Rsamtools,
    GenomicAlignments

Package: ruv
Source: CRAN
Version: 0.9.6
Hash: 0a50a1341cbf7c6d5d807e148999d658

Package: rvcheck
Source: CRAN
Version: 0.0.9
Hash: 9b4851b4c04e707db46176cd621bfc87

Package: rvest
Source: CRAN
Version: 0.3.2
Requires: magrittr, xml2, httr, selectr

Package: scales
Source: CRAN
Version: 0.5.0
Hash: 77d3b989d0995d27c9b2fa7da4093f34
Requires: R6, RColorBrewer, Rcpp, dichromat, labeling, munsell, plyr,
    viridisLite

Package: selectr
Source: CRAN
Version: 0.4-1
Requires: R6, stringr

Package: seqLogo
Source: Bioconductor
Version: 1.44.0
Hash: 56752a92ae28837897557026cd59b66d

Package: sfsmisc
Source: CRAN
Version: 1.1-2
Hash: 248383bdc31842432b918218d959bab9

Package: shiny
Source: CRAN
Version: 1.0.5
Hash: 4d47532a807122bfd6bc3818310f9d2e
Requires: R6, digest, htmltools, httpuv, jsonlite, mime, sourcetools,
    xtable

Package: siggenes
Source: Bioconductor
Version: 1.52.0
Hash: e5e0809c4039b63a33bbb9da8c392c95
Requires: Biobase, multtest

Package: snow
Source: CRAN
Version: 0.4-2
Hash: bf705214a3d32b037dd24940931c289e

Package: solrium
Source: CRAN
Version: 1.0.0
Hash: b1de1d915debf5fe77d7d0ae1e574e03
Requires: R6, crul, dplyr, jsonlite, plyr, tibble, xml2

Package: sourcetools
Source: CRAN
Version: 0.1.6
Hash: 226d56d7469587da40b0f96180e711b4

Package: sqldf
Source: CRAN
Version: 0.4-11
Hash: e083fd1980e39fc2df6e5519bd4eb5ab
Requires: DBI, RSQLite, chron, gsubfn, proto

Package: statmod
Source: CRAN
Version: 1.4.30
Hash: 8056353aa1923b5e708d08d83f02fe16

Package: stringi
Source: CRAN
Version: 1.1.6
Hash: 4430faf2bcbe1b8de0d9be55bcfdcc0b

Package: stringr
Source: CRAN
Version: 1.2.0
Hash: 25a86d7f410513ebb7c0bc6a5e16bdc3
Requires: magrittr, stringi

Package: survJamda
Source: CRAN
Version: 1.1.4
Hash: e485d38cb12e76c844f78b6a8df323e2
Requires: ecodist, survJamda.data, survcomp, survival, survivalROC

Package: survJamda.data
Source: CRAN
Version: 1.0.2
Hash: 7f12600aa047253d077d6d4af9d935f0

Package: survcomp
Source: Bioconductor
Version: 1.28.4
Hash: fd9f8c83c6a836331675c26c84b975f5
Requires: KernSmooth, SuppDists, bootstrap, ipred, prodlim, rmeta,
    survival, survivalROC

Package: survival
Source: CRAN
Version: 2.41-3
Hash: db4930fd2dbaff5a78b71832aea4b50d
Requires: Matrix

Package: survivalROC
Source: CRAN
Version: 1.0.3
Hash: df92aa6c356d97b517bf8e4e0fb3cbc1

Package: sva
Source: Bioconductor
Version: 3.26.0
Hash: 82e1515cd85d7d6c216f54546686344c
Requires: BiocParallel, genefilter, limma, matrixStats, mgcv

Package: taxize
Source: CRAN
Version: 0.9.0
Hash: f34a15104c31c39bab0571759992edf6
Requires: ape, bold, data.table, foreach, httr, jsonlite, natserv,
    plyr, reshape2, ritis, rotl, rredlist, stringr, tibble, wikitaxa,
    worrms, xml2

Package: testthat
Source: CRAN
Version: 2.0.0
Hash: 537114b476376c5773bf3c557f5bbd19
Requires: R6, cli, crayon, digest, magrittr, praise, rlang, withr

Package: tibble
Source: CRAN
Version: 1.4.2
Hash: 83895360ce4f8d2ce92eee00526b5b0b
Requires: Rcpp, rlang

Package: tidyr
Source: CRAN
Version: 0.7.2
Hash: fcc26b5be4f8c300b3a02300de6131bf
Requires: Rcpp, dplyr, glue, magrittr, purrr, rlang, stringi, tibble,
    tidyselect

Package: tidyselect
Source: CRAN
Version: 0.2.3
Hash: f734832478bdc63b43457f9a0bc5a056
Requires: Rcpp, glue, purrr, rlang

Package: topGO
Source: Bioconductor
Version: 2.30.0
Hash: 515095602e591d5c718f2c14d8bc426b
Requires: AnnotationDbi, Biobase, BiocGenerics, DBI, GO.db, SparseM,
    graph, lattice, matrixStats

Package: triebeard
Source: CRAN
Version: 0.3.0
Hash: 359fc3322ff52bc8f9f68b8008fe7dd9
Requires: Rcpp

Package: tximport
Source: Bioconductor
Version: 1.6.0
Hash: 5914d67f0cb8a8a2a33db406a0c1ade0

Package: urltools
Source: CRAN
Version: 1.6.0
Hash: 8b6e3f76cb900d8e19bd2ef673f34bc6
Requires: Rcpp, triebeard

Package: utf8
Source: CRAN
Version: 1.1.3
Hash: a2fe6a996668ee5850b7719f365e831b

Package: variancePartition
Source: Bioconductor
Version: 1.8.1
Hash: 45ea53a948c7521c7e4bc695e9c7933b
Requires: Biobase, MASS, colorRamps, doParallel, foreach, ggplot2,
    gplots, iterators, limma, lme4, pbkrtest, reshape2

Package: venneuler
Source: CRAN
Version: 1.1-0
Hash: c1a4fa76085e34423345a09241b2df03
Requires: rJava

Package: viridis
Source: CRAN
Version: 0.4.0
Hash: 5bdac1bcf74a10a7a96f82191f498ab7
Requires: ggplot2, gridExtra, viridisLite

Package: viridisLite
Source: CRAN
Version: 0.3.0
Hash: 78bb072c4f9e729a283d4c40ec93f9c6

Package: whisker
Source: CRAN
Version: 0.3-2
Hash: 803d662762e532705c2c066a82d066e7

Package: wikitaxa
Source: CRAN
Version: 0.2.0
Hash: db8bdfefcb817d81a1cfc66f8b35939e
Requires: WikidataR, crul, curl, data.table, jsonlite, tibble, xml2

Package: withr
Source: github
Version: 2.1.2
Hash: dff5b1a8ebb5d03ebf3eec2ad9435a83
GithubRepo: withr
GithubUsername: jimhester
GithubRef: master
GithubSha1: 79d7b0da9f08e853b3195101c09d291f98bba5f3

Package: worrms
Source: CRAN
Version: 0.2.0
Hash: a0ffe23652ba4c0070f31902e43125f3
Requires: crul, data.table, jsonlite, tibble

Package: xml2
Source: CRAN
Version: 1.1.1
Hash: 37f4615894c8b884529cbefed37f5263
Requires: BH, Rcpp

Package: xtable
Source: CRAN
Version: 1.8-2
Hash: 7293235cfcc14cdff1ce7fd1a0212031

Package: xts
Source: CRAN
Version: 0.10-1
Hash: 7a0e7f006bef315e41038c5258905a51
Requires: zoo

Package: yaml
Source: CRAN
Version: 2.1.18
Hash: 28c7e28c239d7a1d1bd579390bab89bd

Package: zlibbioc
Source: Bioconductor
Version: 1.24.0
Hash: e3dc79a6c62193cca9cafd986eed4e02

Package: zoo
Source: CRAN
Version: 1.8-1
Hash: 4662280a4dad0f93d6ecfdf797fc1cf2
Requires: lattice
